
Microsoft Visual Studio Solution File, Format Version 12.00
# Visual Studio Version 17
VisualStudioVersion = 17.7.34202.233
MinimumVisualStudioVersion = 10.0.40219.1
Project("{9A19103F-16F7-4668-BE54-9A1E7A4F7556}") = "IpToGeo", "IpToGeo\IpToGeo.csproj", "{7C075EB8-969C-43DE-8464-95D4E1C3468E}"
EndProject
Project("{FAE04EC0-301F-11D3-BF4B-00C04F79EFBC}") = "IpToGeo.Tests", "IpToGeo.Tests\IpToGeo.Tests.csproj", "{412A0933-2F6D-4E5F-9969-8926E96E1E1E}"
EndProject
Global
	GlobalSection(SolutionConfigurationPlatforms) = preSolution
		Debug|Any CPU = Debug|Any CPU
		Release|Any CPU = Release|Any CPU
	EndGlobalSection
	GlobalSection(ProjectConfigurationPlatforms) = postSolution
		{7C075EB8-969C-43DE-8464-95D4E1C3468E}.Debug|Any CPU.ActiveCfg = Debug|Any CPU
		{7C075EB8-969C-43DE-8464-95D4E1C3468E}.Debug|Any CPU.Build.0 = Debug|Any CPU
		{7C075EB8-969C-43DE-8464-95D4E1C3468E}.Release|Any CPU.ActiveCfg = Release|Any CPU
		{7C075EB8-969C-43DE-8464-95D4E1C3468E}.Release|Any CPU.Build.0 = Release|Any CPU
		{412A0933-2F6D-4E5F-9969-8926E96E1E1E}.Debug|Any CPU.ActiveCfg = Debug|Any CPU
		{412A0933-2F6D-4E5F-9969-8926E96E1E1E}.Debug|Any CPU.Build.0 = Debug|Any CPU
		{412A0933-2F6D-4E5F-9969-8926E96E1E1E}.Release|Any CPU.ActiveCfg = Release|Any CPU
		{412A0933-2F6D-4E5F-9969-8926E96E1E1E}.Release|Any CPU.Build.0 = Release|Any CPU
	EndGlobalSection
	GlobalSection(SolutionProperties) = preSolution
		HideSolutionNode = FALSE
	EndGlobalSection
	GlobalSection(ExtensibilityGlobals) = postSolution
		SolutionGuid = {DAE1DE8D-DE0D-4E5F-B520-A8C8C1008303}
	EndGlobalSection
EndGlobal
